
Microsoft Visual Studio Solution File, Format Version 12.00
# Visual Studio Version 16
VisualStudioVersion = 16.0.29509.3
MinimumVisualStudioVersion = 10.0.40219.1
Project("{FAE04EC0-301F-11D3-BF4B-00C04F79EFBC}") = "HeroesVillians classes", "HeroesVillians classes\HeroesVillians classes.csproj", "{1CA14A5B-E507-4C82-AC68-ED1105F5E2F5}"
EndProject
Global
	GlobalSection(SolutionConfigurationPlatforms) = preSolution
		Debug|Any CPU = Debug|Any CPU
		Release|Any CPU = Release|Any CPU
	EndGlobalSection
	GlobalSection(ProjectConfigurationPlatforms) = postSolution
		{1CA14A5B-E507-4C82-AC68-ED1105F5E2F5}.Debug|Any CPU.ActiveCfg = Debug|Any CPU
		{1CA14A5B-E507-4C82-AC68-ED1105F5E2F5}.Debug|Any CPU.Build.0 = Debug|Any CPU
		{1CA14A5B-E507-4C82-AC68-ED1105F5E2F5}.Release|Any CPU.ActiveCfg = Release|Any CPU
		{1CA14A5B-E507-4C82-AC68-ED1105F5E2F5}.Release|Any CPU.Build.0 = Release|Any CPU
	EndGlobalSection
	GlobalSection(SolutionProperties) = preSolution
		HideSolutionNode = FALSE
	EndGlobalSection
	GlobalSection(ExtensibilityGlobals) = postSolution
		SolutionGuid = {7272B747-FB5F-447B-9410-31239C36B352}
	EndGlobalSection
EndGlobal
